
Microsoft Visual Studio Solution File, Format Version 12.00
# Visual Studio Version 17
VisualStudioVersion = 17.3.32901.215
MinimumVisualStudioVersion = 10.0.40219.1
Project("{FAE04EC0-301F-11D3-BF4B-00C04F79EFBC}") = "WindowsFormsAppSTP", "WindowsFormsAppSTP\WindowsFormsAppSTP.csproj", "{D5DC60F9-7BAD-4F3B-B540-AA14FED5D666}"
EndProject
Global
	GlobalSection(SolutionConfigurationPlatforms) = preSolution
		Debug|Any CPU = Debug|Any CPU
		Release|Any CPU = Release|Any CPU
	EndGlobalSection
	GlobalSection(ProjectConfigurationPlatforms) = postSolution
		{D5DC60F9-7BAD-4F3B-B540-AA14FED5D666}.Debug|Any CPU.ActiveCfg = Debug|Any CPU
		{D5DC60F9-7BAD-4F3B-B540-AA14FED5D666}.Debug|Any CPU.Build.0 = Debug|Any CPU
		{D5DC60F9-7BAD-4F3B-B540-AA14FED5D666}.Release|Any CPU.ActiveCfg = Release|Any CPU
		{D5DC60F9-7BAD-4F3B-B540-AA14FED5D666}.Release|Any CPU.Build.0 = Release|Any CPU
	EndGlobalSection
	GlobalSection(SolutionProperties) = preSolution
		HideSolutionNode = FALSE
	EndGlobalSection
	GlobalSection(ExtensibilityGlobals) = postSolution
		SolutionGuid = {5D38EF2F-B780-4177-B3C9-0E3745CB936E}
	EndGlobalSection
EndGlobal
